
Microsoft Visual Studio Solution File, Format Version 12.00
# Visual Studio Version 16
VisualStudioVersion = 16.0.29111.141
MinimumVisualStudioVersion = 10.0.40219.1
Project("{9A19103F-16F7-4668-BE54-9A1E7A4F7556}") = "Predictor.Domain", "src\Predictor.Domain\Predictor.Domain.csproj", "{D1C280CA-8276-421D-9301-F39824BEF267}"
EndProject
Project("{9A19103F-16F7-4668-BE54-9A1E7A4F7556}") = "Predictor.Models", "src\Predictor.Models\Predictor.Models.csproj", "{33D36141-4825-4A07-8B8B-5461845E4301}"
EndProject
Global
	GlobalSection(SolutionConfigurationPlatforms) = preSolution
		Debug|Any CPU = Debug|Any CPU
		Release|Any CPU = Release|Any CPU
	EndGlobalSection
	GlobalSection(ProjectConfigurationPlatforms) = postSolution
		{D1C280CA-8276-421D-9301-F39824BEF267}.Debug|Any CPU.ActiveCfg = Debug|Any CPU
		{D1C280CA-8276-421D-9301-F39824BEF267}.Debug|Any CPU.Build.0 = Debug|Any CPU
		{D1C280CA-8276-421D-9301-F39824BEF267}.Release|Any CPU.ActiveCfg = Release|Any CPU
		{D1C280CA-8276-421D-9301-F39824BEF267}.Release|Any CPU.Build.0 = Release|Any CPU
		{33D36141-4825-4A07-8B8B-5461845E4301}.Debug|Any CPU.ActiveCfg = Debug|Any CPU
		{33D36141-4825-4A07-8B8B-5461845E4301}.Debug|Any CPU.Build.0 = Debug|Any CPU
		{33D36141-4825-4A07-8B8B-5461845E4301}.Release|Any CPU.ActiveCfg = Release|Any CPU
		{33D36141-4825-4A07-8B8B-5461845E4301}.Release|Any CPU.Build.0 = Release|Any CPU
	EndGlobalSection
	GlobalSection(SolutionProperties) = preSolution
		HideSolutionNode = FALSE
	EndGlobalSection
	GlobalSection(ExtensibilityGlobals) = postSolution
		SolutionGuid = {3C925D62-26DC-4FBF-A181-2E35F0FF1445}
	EndGlobalSection
EndGlobal
